// !$*UTF8*$!
{
	archiveVersion = 1;
	classes = {
	};
	objectVersion = 56;
	objects = {

/* Begin PBXBuildFile section */
		1A28C9122ABDAB270053E545 /* TODOApp.swift in Sources */ = {isa = PBXBuildFile; fileRef = 1A28C9112ABDAB270053E545 /* TODOApp.swift */; };
		1A28C9142ABDAB270053E545 /* ContentView.swift in Sources */ = {isa = PBXBuildFile; fileRef = 1A28C9132ABDAB270053E545 /* ContentView.swift */; };
		1A28C9162ABDAB280053E545 /* Assets.xcassets in Resources */ = {isa = PBXBuildFile; fileRef = 1A28C9152ABDAB280053E545 /* Assets.xcassets */; };
		1A28C9192ABDAB280053E545 /* Preview Assets.xcassets in Resources */ = {isa = PBXBuildFile; fileRef = 1A28C9182ABDAB280053E545 /* Preview Assets.xcassets */; };
		1A28C9232ABDAB280053E545 /* TODOTests.swift in Sources */ = {isa = PBXBuildFile; fileRef = 1A28C9222ABDAB280053E545 /* TODOTests.swift */; };
		1A28C92D2ABDAB280053E545 /* TODOUITests.swift in Sources */ = {isa = PBXBuildFile; fileRef = 1A28C92C2ABDAB280053E545 /* TODOUITests.swift */; };
		1A28C92F2ABDAB280053E545 /* TODOUITestsLaunchTests.swift in Sources */ = {isa = PBXBuildFile; fileRef = 1A28C92E2ABDAB280053E545 /* TODOUITestsLaunchTests.swift */; };
		1A619EF42AE1672000E0A237 /* TaskView.swift in Sources */ = {isa = PBXBuildFile; fileRef = 1A619EF32AE1672000E0A237 /* TaskView.swift */; };
		1A619EF72AE16AE200E0A237 /* Model.xcdatamodeld in Sources */ = {isa = PBXBuildFile; fileRef = 1A619EF52AE16AE200E0A237 /* Model.xcdatamodeld */; };
		1A619EF92AE16AFB00E0A237 /* Model.swift in Sources */ = {isa = PBXBuildFile; fileRef = 1A619EF82AE16AFB00E0A237 /* Model.swift */; };
		1AEB63DE2AF5397E00666F3C /* ItemModel.swift in Sources */ = {isa = PBXBuildFile; fileRef = 1AEB63DD2AF5397E00666F3C /* ItemModel.swift */; };
		1AF094132AE194C00027CC1D /* AddView.swift in Sources */ = {isa = PBXBuildFile; fileRef = 1AF094122AE194C00027CC1D /* AddView.swift */; };
/* End PBXBuildFile section */

/* Begin PBXContainerItemProxy section */
		1A28C91F2ABDAB280053E545 /* PBXContainerItemProxy */ = {
			isa = PBXContainerItemProxy;
			containerPortal = 1A28C9062ABDAB270053E545 /* Project object */;
			proxyType = 1;
			remoteGlobalIDString = 1A28C90D2ABDAB270053E545;
			remoteInfo = TODO;
		};
		1A28C9292ABDAB280053E545 /* PBXContainerItemProxy */ = {
			isa = PBXContainerItemProxy;
			containerPortal = 1A28C9062ABDAB270053E545 /* Project object */;
			proxyType = 1;
			remoteGlobalIDString = 1A28C90D2ABDAB270053E545;
			remoteInfo = TODO;
		};
/* End PBXContainerItemProxy section */

/* Begin PBXFileReference section */
		1A28C90E2ABDAB270053E545 /* TODO.app */ = {isa = PBXFileReference; explicitFileType = wrapper.application; includeInIndex = 0; path = TODO.app; sourceTree = BUILT_PRODUCTS_DIR; };
		1A28C9112ABDAB270053E545 /* TODOApp.swift */ = {isa = PBXFileReference; lastKnownFileType = sourcecode.swift; path = TODOApp.swift; sourceTree = "<group>"; };
		1A28C9132ABDAB270053E545 /* ContentView.swift */ = {isa = PBXFileReference; lastKnownFileType = sourcecode.swift; path = ContentView.swift; sourceTree = "<group>"; };
		1A28C9152ABDAB280053E545 /* Assets.xcassets */ = {isa = PBXFileReference; lastKnownFileType = folder.assetcatalog; path = Assets.xcassets; sourceTree = "<group>"; };
		1A28C9182ABDAB280053E545 /* Preview Assets.xcassets */ = {isa = PBXFileReference; lastKnownFileType = folder.assetcatalog; path = "Preview Assets.xcassets"; sourceTree = "<group>"; };
		1A28C91E2ABDAB280053E545 /* TODOTests.xctest */ = {isa = PBXFileReference; explicitFileType = wrapper.cfbundle; includeInIndex = 0; path = TODOTests.xctest; sourceTree = BUILT_PRODUCTS_DIR; };
		1A28C9222ABDAB280053E545 /* TODOTests.swift */ = {isa = PBXFileReference; lastKnownFileType = sourcecode.swift; path = TODOTests.swift; sourceTree = "<group>"; };
		1A28C9282ABDAB280053E545 /* TODOUITests.xctest */ = {isa = PBXFileReference; explicitFileType = wrapper.cfbundle; includeInIndex = 0; path = TODOUITests.xctest; sourceTree = BUILT_PRODUCTS_DIR; };
		1A28C92C2ABDAB280053E545 /* TODOUITests.swift */ = {isa = PBXFileReference; lastKnownFileType = sourcecode.swift; path = TODOUITests.swift; sourceTree = "<group>"; };
		1A28C92E2ABDAB280053E545 /* TODOUITestsLaunchTests.swift */ = {isa = PBXFileReference; lastKnownFileType = sourcecode.swift; path = TODOUITestsLaunchTests.swift; sourceTree = "<group>"; };
		1A619EF32AE1672000E0A237 /* TaskView.swift */ = {isa = PBXFileReference; lastKnownFileType = sourcecode.swift; path = TaskView.swift; sourceTree = "<group>"; };
		1A619EF62AE16AE200E0A237 /* Model.xcdatamodel */ = {isa = PBXFileReference; lastKnownFileType = wrapper.xcdatamodel; path = Model.xcdatamodel; sourceTree = "<group>"; };
		1A619EF82AE16AFB00E0A237 /* Model.swift */ = {isa = PBXFileReference; lastKnownFileType = sourcecode.swift; path = Model.swift; sourceTree = "<group>"; };
		1AEB63DD2AF5397E00666F3C /* ItemModel.swift */ = {isa = PBXFileReference; lastKnownFileType = sourcecode.swift; path = ItemModel.swift; sourceTree = "<group>"; };
		1AF094122AE194C00027CC1D /* AddView.swift */ = {isa = PBXFileReference; lastKnownFileType = sourcecode.swift; path = AddView.swift; sourceTree = "<group>"; };
/* End PBXFileReference section */

/* Begin PBXFrameworksBuildPhase section */
		1A28C90B2ABDAB270053E545 /* Frameworks */ = {
			isa = PBXFrameworksBuildPhase;
			buildActionMask = 2147483647;
			files = (
			);
			runOnlyForDeploymentPostprocessing = 0;
		};
		1A28C91B2ABDAB280053E545 /* Frameworks */ = {
			isa = PBXFrameworksBuildPhase;
			buildActionMask = 2147483647;
			files = (
			);
			runOnlyForDeploymentPostprocessing = 0;
		};
		1A28C9252ABDAB280053E545 /* Frameworks */ = {
			isa = PBXFrameworksBuildPhase;
			buildActionMask = 2147483647;
			files = (
			);
			runOnlyForDeploymentPostprocessing = 0;
		};
/* End PBXFrameworksBuildPhase section */

/* Begin PBXGroup section */
		1A28C9052ABDAB270053E545 = {
			isa = PBXGroup;
			children = (
				1A28C9102ABDAB270053E545 /* TODO */,
				1A28C9212ABDAB280053E545 /* TODOTests */,
				1A28C92B2ABDAB280053E545 /* TODOUITests */,
				1A28C90F2ABDAB270053E545 /* Products */,
			);
			sourceTree = "<group>";
		};
		1A28C90F2ABDAB270053E545 /* Products */ = {
			isa = PBXGroup;
			children = (
				1A28C90E2ABDAB270053E545 /* TODO.app */,
				1A28C91E2ABDAB280053E545 /* TODOTests.xctest */,
				1A28C9282ABDAB280053E545 /* TODOUITests.xctest */,
			);
			name = Products;
			sourceTree = "<group>";
		};
		1A28C9102ABDAB270053E545 /* TODO */ = {
			isa = PBXGroup;
			children = (
				1A28C9112ABDAB270053E545 /* TODOApp.swift */,
				1AF094112AE182EE0027CC1D /* Views */,
				1AC3F0FE2AE51A5300BFCFC5 /* ViewModels */,
				1A2F0B0F2ACF5B7F0024B49C /* Models */,
				1A28C9152ABDAB280053E545 /* Assets.xcassets */,
				1A28C9172ABDAB280053E545 /* Preview Content */,
			);
			path = TODO;
			sourceTree = "<group>";
		};
		1A28C9172ABDAB280053E545 /* Preview Content */ = {
			isa = PBXGroup;
			children = (
				1A28C9182ABDAB280053E545 /* Preview Assets.xcassets */,
			);
			path = "Preview Content";
			sourceTree = "<group>";
		};
		1A28C9212ABDAB280053E545 /* TODOTests */ = {
			isa = PBXGroup;
			children = (
				1A28C9222ABDAB280053E545 /* TODOTests.swift */,
			);
			path = TODOTests;
			sourceTree = "<group>";
		};
		1A28C92B2ABDAB280053E545 /* TODOUITests */ = {
			isa = PBXGroup;
			children = (
				1A28C92C2ABDAB280053E545 /* TODOUITests.swift */,
				1A28C92E2ABDAB280053E545 /* TODOUITestsLaunchTests.swift */,
			);
			path = TODOUITests;
			sourceTree = "<group>";
		};
		1A2F0B0F2ACF5B7F0024B49C /* Models */ = {
			isa = PBXGroup;
			children = (
				1A619EF52AE16AE200E0A237 /* Model.xcdatamodeld */,
				1A619EF82AE16AFB00E0A237 /* Model.swift */,
				1AEB63DD2AF5397E00666F3C /* ItemModel.swift */,
			);
			path = Models;
			sourceTree = "<group>";
		};
		1AC3F0FE2AE51A5300BFCFC5 /* ViewModels */ = {
			isa = PBXGroup;
			children = (
			);
			path = ViewModels;
			sourceTree = "<group>";
		};
		1AF094112AE182EE0027CC1D /* Views */ = {
			isa = PBXGroup;
			children = (
				1A28C9132ABDAB270053E545 /* ContentView.swift */,
				1A619EF32AE1672000E0A237 /* TaskView.swift */,
				1AF094122AE194C00027CC1D /* AddView.swift */,
			);
			path = Views;
			sourceTree = "<group>";
		};
/* End PBXGroup section */

/* Begin PBXNativeTarget section */
		1A28C90D2ABDAB270053E545 /* TODO */ = {
			isa = PBXNativeTarget;
			buildConfigurationList = 1A28C9322ABDAB280053E545 /* Build configuration list for PBXNativeTarget "TODO" */;
			buildPhases = (
				1A28C90A2ABDAB270053E545 /* Sources */,
				1A28C90B2ABDAB270053E545 /* Frameworks */,
				1A28C90C2ABDAB270053E545 /* Resources */,
			);
			buildRules = (
			);
			dependencies = (
			);
			name = TODO;
			productName = TODO;
			productReference = 1A28C90E2ABDAB270053E545 /* TODO.app */;
			productType = "com.apple.product-type.application";
		};
		1A28C91D2ABDAB280053E545 /* TODOTests */ = {
			isa = PBXNativeTarget;
			buildConfigurationList = 1A28C9352ABDAB280053E545 /* Build configuration list for PBXNativeTarget "TODOTests" */;
			buildPhases = (
				1A28C91A2ABDAB280053E545 /* Sources */,
				1A28C91B2ABDAB280053E545 /* Frameworks */,
				1A28C91C2ABDAB280053E545 /* Resources */,
			);
			buildRules = (
			);
			dependencies = (
				1A28C9202ABDAB280053E545 /* PBXTargetDependency */,
			);
			name = TODOTests;
			productName = TODOTests;
			productReference = 1A28C91E2ABDAB280053E545 /* TODOTests.xctest */;
			productType = "com.apple.product-type.bundle.unit-test";
		};
		1A28C9272ABDAB280053E545 /* TODOUITests */ = {
			isa = PBXNativeTarget;
			buildConfigurationList = 1A28C9382ABDAB280053E545 /* Build configuration list for PBXNativeTarget "TODOUITests" */;
			buildPhases = (
				1A28C9242ABDAB280053E545 /* Sources */,
				1A28C9252ABDAB280053E545 /* Frameworks */,
				1A28C9262ABDAB280053E545 /* Resources */,
			);
			buildRules = (
			);
			dependencies = (
				1A28C92A2ABDAB280053E545 /* PBXTargetDependency */,
			);
			name = TODOUITests;
			productName = TODOUITests;
			productReference = 1A28C9282ABDAB280053E545 /* TODOUITests.xctest */;
			productType = "com.apple.product-type.bundle.ui-testing";
		};
/* End PBXNativeTarget section */

/* Begin PBXProject section */
		1A28C9062ABDAB270053E545 /* Project object */ = {
			isa = PBXProject;
			attributes = {
				BuildIndependentTargetsInParallel = 1;
				LastSwiftUpdateCheck = 1500;
				LastUpgradeCheck = 1500;
				TargetAttributes = {
					1A28C90D2ABDAB270053E545 = {
						CreatedOnToolsVersion = 15.0;
					};
					1A28C91D2ABDAB280053E545 = {
						CreatedOnToolsVersion = 15.0;
						TestTargetID = 1A28C90D2ABDAB270053E545;
					};
					1A28C9272ABDAB280053E545 = {
						CreatedOnToolsVersion = 15.0;
						TestTargetID = 1A28C90D2ABDAB270053E545;
					};
				};
			};
			buildConfigurationList = 1A28C9092ABDAB270053E545 /* Build configuration list for PBXProject "TODO" */;
			compatibilityVersion = "Xcode 14.0";
			developmentRegion = en;
			hasScannedForEncodings = 0;
			knownRegions = (
				en,
				Base,
			);
			mainGroup = 1A28C9052ABDAB270053E545;
			productRefGroup = 1A28C90F2ABDAB270053E545 /* Products */;
			projectDirPath = "";
			projectRoot = "";
			targets = (
				1A28C90D2ABDAB270053E545 /* TODO */,
				1A28C91D2ABDAB280053E545 /* TODOTests */,
				1A28C9272ABDAB280053E545 /* TODOUITests */,
			);
		};
/* End PBXProject section */

/* Begin PBXResourcesBuildPhase section */
		1A28C90C2ABDAB270053E545 /* Resources */ = {
			isa = PBXResourcesBuildPhase;
			buildActionMask = 2147483647;
			files = (
				1A28C9192ABDAB280053E545 /* Preview Assets.xcassets in Resources */,
				1A28C9162ABDAB280053E545 /* Assets.xcassets in Resources */,
			);
			runOnlyForDeploymentPostprocessing = 0;
		};
		1A28C91C2ABDAB280053E545 /* Resources */ = {
			isa = PBXResourcesBuildPhase;
			buildActionMask = 2147483647;
			files = (
			);
			runOnlyForDeploymentPostprocessing = 0;
		};
		1A28C9262ABDAB280053E545 /* Resources */ = {
			isa = PBXResourcesBuildPhase;
			buildActionMask = 2147483647;
			files = (
			);
			runOnlyForDeploymentPostprocessing = 0;
		};
/* End PBXResourcesBuildPhase section */

/* Begin PBXSourcesBuildPhase section */
		1A28C90A2ABDAB270053E545 /* Sources */ = {
			isa = PBXSourcesBuildPhase;
			buildActionMask = 2147483647;
			files = (
				1AF094132AE194C00027CC1D /* AddView.swift in Sources */,
				1A28C9142ABDAB270053E545 /* ContentView.swift in Sources */,
				1AEB63DE2AF5397E00666F3C /* ItemModel.swift in Sources */,
				1A619EF72AE16AE200E0A237 /* Model.xcdatamodeld in Sources */,
				1A619EF92AE16AFB00E0A237 /* Model.swift in Sources */,
				1A28C9122ABDAB270053E545 /* TODOApp.swift in Sources */,
				1A619EF42AE1672000E0A237 /* TaskView.swift in Sources */,
			);
			runOnlyForDeploymentPostprocessing = 0;
		};
		1A28C91A2ABDAB280053E545 /* Sources */ = {
			isa = PBXSourcesBuildPhase;
			buildActionMask = 2147483647;
			files = (
				1A28C9232ABDAB280053E545 /* TODOTests.swift in Sources */,
			);
			runOnlyForDeploymentPostprocessing = 0;
		};
		1A28C9242ABDAB280053E545 /* Sources */ = {
			isa = PBXSourcesBuildPhase;
			buildActionMask = 2147483647;
			files = (
				1A28C92F2ABDAB280053E545 /* TODOUITestsLaunchTests.swift in Sources */,
				1A28C92D2ABDAB280053E545 /* TODOUITests.swift in Sources */,
			);
			runOnlyForDeploymentPostprocessing = 0;
		};
/* End PBXSourcesBuildPhase section */

/* Begin PBXTargetDependency section */
		1A28C9202ABDAB280053E545 /* PBXTargetDependency */ = {
			isa = PBXTargetDependency;
			target = 1A28C90D2ABDAB270053E545 /* TODO */;
			targetProxy = 1A28C91F2ABDAB280053E545 /* PBXContainerItemProxy */;
		};
		1A28C92A2ABDAB280053E545 /* PBXTargetDependency */ = {
			isa = PBXTargetDependency;
			target = 1A28C90D2ABDAB270053E545 /* TODO */;
			targetProxy = 1A28C9292ABDAB280053E545 /* PBXContainerItemProxy */;
		};
/* End PBXTargetDependency section */

/* Begin XCBuildConfiguration section */
		1A28C9302ABDAB280053E545 /* Debug */ = {
			isa = XCBuildConfiguration;
			buildSettings = {
				ALWAYS_SEARCH_USER_PATHS = NO;
				ASSETCATALOG_COMPILER_GENERATE_SWIFT_ASSET_SYMBOL_EXTENSIONS = YES;
				CLANG_ANALYZER_NONNULL = YES;
				CLANG_ANALYZER_NUMBER_OBJECT_CONVERSION = YES_AGGRESSIVE;
				CLANG_CXX_LANGUAGE_STANDARD = "gnu++20";
				CLANG_ENABLE_MODULES = YES;
				CLANG_ENABLE_OBJC_ARC = YES;
				CLANG_ENABLE_OBJC_WEAK = YES;
				CLANG_WARN_BLOCK_CAPTURE_AUTORELEASING = YES;
				CLANG_WARN_BOOL_CONVERSION = YES;
				CLANG_WARN_COMMA = YES;
				CLANG_WARN_CONSTANT_CONVERSION = YES;
				CLANG_WARN_DEPRECATED_OBJC_IMPLEMENTATIONS = YES;
				CLANG_WARN_DIRECT_OBJC_ISA_USAGE = YES_ERROR;
				CLANG_WARN_DOCUMENTATION_COMMENTS = YES;
				CLANG_WARN_EMPTY_BODY = YES;
				CLANG_WARN_ENUM_CONVERSION = YES;
				CLANG_WARN_INFINITE_RECURSION = YES;
				CLANG_WARN_INT_CONVERSION = YES;
				CLANG_WARN_NON_LITERAL_NULL_CONVERSION = YES;
				CLANG_WARN_OBJC_IMPLICIT_RETAIN_SELF = YES;
				CLANG_WARN_OBJC_LITERAL_CONVERSION = YES;
				CLANG_WARN_OBJC_ROOT_CLASS = YES_ERROR;
				CLANG_WARN_QUOTED_INCLUDE_IN_FRAMEWORK_HEADER = YES;
				CLANG_WARN_RANGE_LOOP_ANALYSIS = YES;
				CLANG_WARN_STRICT_PROTOTYPES = YES;
				CLANG_WARN_SUSPICIOUS_MOVE = YES;
				CLANG_WARN_UNGUARDED_AVAILABILITY = YES_AGGRESSIVE;
				CLANG_WARN_UNREACHABLE_CODE = YES;
				CLANG_WARN__DUPLICATE_METHOD_MATCH = YES;
				COPY_PHASE_STRIP = NO;
				DEBUG_INFORMATION_FORMAT = dwarf;
				ENABLE_STRICT_OBJC_MSGSEND = YES;
				ENABLE_TESTABILITY = YES;
				ENABLE_USER_SCRIPT_SANDBOXING = YES;
				GCC_C_LANGUAGE_STANDARD = gnu17;
				GCC_DYNAMIC_NO_PIC = NO;
				GCC_NO_COMMON_BLOCKS = YES;
				GCC_OPTIMIZATION_LEVEL = 0;
				GCC_PREPROCESSOR_DEFINITIONS = (
					"DEBUG=1",
					"$(inherited)",
				);
				GCC_WARN_64_TO_32_BIT_CONVERSION = YES;
				GCC_WARN_ABOUT_RETURN_TYPE = YES_ERROR;
				GCC_WARN_UNDECLARED_SELECTOR = YES;
				GCC_WARN_UNINITIALIZED_AUTOS = YES_AGGRESSIVE;
				GCC_WARN_UNUSED_FUNCTION = YES;
				GCC_WARN_UNUSED_VARIABLE = YES;
				IPHONEOS_DEPLOYMENT_TARGET = 17.0;
				LOCALIZATION_PREFERS_STRING_CATALOGS = YES;
				MTL_ENABLE_DEBUG_INFO = INCLUDE_SOURCE;
				MTL_FAST_MATH = YES;
				ONLY_ACTIVE_ARCH = YES;
				SDKROOT = iphoneos;
				SWIFT_ACTIVE_COMPILATION_CONDITIONS = "DEBUG $(inherited)";
				SWIFT_OPTIMIZATION_LEVEL = "-Onone";
			};
			name = Debug;
		};
		1A28C9312ABDAB280053E545 /* Release */ = {
			isa = XCBuildConfiguration;
			buildSettings = {
				ALWAYS_SEARCH_USER_PATHS = NO;
				ASSETCATALOG_COMPILER_GENERATE_SWIFT_ASSET_SYMBOL_EXTENSIONS = YES;
				CLANG_ANALYZER_NONNULL = YES;
				CLANG_ANALYZER_NUMBER_OBJECT_CONVERSION = YES_AGGRESSIVE;
				CLANG_CXX_LANGUAGE_STANDARD = "gnu++20";
				CLANG_ENABLE_MODULES = YES;
				CLANG_ENABLE_OBJC_ARC = YES;
				CLANG_ENABLE_OBJC_WEAK = YES;
				CLANG_WARN_BLOCK_CAPTURE_AUTORELEASING = YES;
				CLANG_WARN_BOOL_CONVERSION = YES;
				CLANG_WARN_COMMA = YES;
				CLANG_WARN_CONSTANT_CONVERSION = YES;
				CLANG_WARN_DEPRECATED_OBJC_IMPLEMENTATIONS = YES;
				CLANG_WARN_DIRECT_OBJC_ISA_USAGE = YES_ERROR;
				CLANG_WARN_DOCUMENTATION_COMMENTS = YES;
				CLANG_WARN_EMPTY_BODY = YES;
				CLANG_WARN_ENUM_CONVERSION = YES;
				CLANG_WARN_INFINITE_RECURSION = YES;
				CLANG_WARN_INT_CONVERSION = YES;
				CLANG_WARN_NON_LITERAL_NULL_CONVERSION = YES;
				CLANG_WARN_OBJC_IMPLICIT_RETAIN_SELF = YES;
				CLANG_WARN_OBJC_LITERAL_CONVERSION = YES;
				CLANG_WARN_OBJC_ROOT_CLASS = YES_ERROR;
				CLANG_WARN_QUOTED_INCLUDE_IN_FRAMEWORK_HEADER = YES;
				CLANG_WARN_RANGE_LOOP_ANALYSIS = YES;
				CLANG_WARN_STRICT_PROTOTYPES = YES;
				CLANG_WARN_SUSPICIOUS_MOVE = YES;
				CLANG_WARN_UNGUARDED_AVAILABILITY = YES_AGGRESSIVE;
				CLANG_WARN_UNREACHABLE_CODE = YES;
				CLANG_WARN__DUPLICATE_METHOD_MATCH = YES;
				COPY_PHASE_STRIP = NO;
				DEBUG_INFORMATION_FORMAT = "dwarf-with-dsym";
				ENABLE_NS_ASSERTIONS = NO;
				ENABLE_STRICT_OBJC_MSGSEND = YES;
				ENABLE_USER_SCRIPT_SANDBOXING = YES;
				GCC_C_LANGUAGE_STANDARD = gnu17;
				GCC_NO_COMMON_BLOCKS = YES;
				GCC_WARN_64_TO_32_BIT_CONVERSION = YES;
				GCC_WARN_ABOUT_RETURN_TYPE = YES_ERROR;
				GCC_WARN_UNDECLARED_SELECTOR = YES;
				GCC_WARN_UNINITIALIZED_AUTOS = YES_AGGRESSIVE;
				GCC_WARN_UNUSED_FUNCTION = YES;
				GCC_WARN_UNUSED_VARIABLE = YES;
				IPHONEOS_DEPLOYMENT_TARGET = 17.0;
				LOCALIZATION_PREFERS_STRING_CATALOGS = YES;
				MTL_ENABLE_DEBUG_INFO = NO;
				MTL_FAST_MATH = YES;
				SDKROOT = iphoneos;
				SWIFT_COMPILATION_MODE = wholemodule;
				VALIDATE_PRODUCT = YES;
			};
			name = Release;
		};
		1A28C9332ABDAB280053E545 /* Debug */ = {
			isa = XCBuildConfiguration;
			buildSettings = {
				ASSETCATALOG_COMPILER_APPICON_NAME = AppIcon;
				ASSETCATALOG_COMPILER_GLOBAL_ACCENT_COLOR_NAME = AccentColor;
				CODE_SIGN_STYLE = Automatic;
				CURRENT_PROJECT_VERSION = 1;
				DEVELOPMENT_ASSET_PATHS = "\"TODO/Preview Content\"";
				ENABLE_PREVIEWS = YES;
				GENERATE_INFOPLIST_FILE = YES;
				INFOPLIST_KEY_UIApplicationSceneManifest_Generation = YES;
				INFOPLIST_KEY_UIApplicationSupportsIndirectInputEvents = YES;
				INFOPLIST_KEY_UILaunchScreen_Generation = YES;
				INFOPLIST_KEY_UISupportedInterfaceOrientations_iPad = "UIInterfaceOrientationPortrait UIInterfaceOrientationPortraitUpsideDown UIInterfaceOrientationLandscapeLeft UIInterfaceOrientationLandscapeRight";
				INFOPLIST_KEY_UISupportedInterfaceOrientations_iPhone = "UIInterfaceOrientationPortrait UIInterfaceOrientationLandscapeLeft UIInterfaceOrientationLandscapeRight";
				LD_RUNPATH_SEARCH_PATHS = (
					"$(inherited)",
					"@executable_path/Frameworks",
				);
				MARKETING_VERSION = 1.0;
				PRODUCT_BUNDLE_IDENTIFIER = yvysanna.TODO;
				PRODUCT_NAME = "$(TARGET_NAME)";
				SWIFT_EMIT_LOC_STRINGS = YES;
				SWIFT_VERSION = 5.0;
				TARGETED_DEVICE_FAMILY = "1,2";
			};
			name = Debug;
		};
		1A28C9342ABDAB280053E545 /* Release */ = {
			isa = XCBuildConfiguration;
			buildSettings = {
				ASSETCATALOG_COMPILER_APPICON_NAME = AppIcon;
				ASSETCATALOG_COMPILER_GLOBAL_ACCENT_COLOR_NAME = AccentColor;
				CODE_SIGN_STYLE = Automatic;
				CURRENT_PROJECT_VERSION = 1;
				DEVELOPMENT_ASSET_PATHS = "\"TODO/Preview Content\"";
				ENABLE_PREVIEWS = YES;
				GENERATE_INFOPLIST_FILE = YES;
				INFOPLIST_KEY_UIApplicationSceneManifest_Generation = YES;
				INFOPLIST_KEY_UIApplicationSupportsIndirectInputEvents = YES;
				INFOPLIST_KEY_UILaunchScreen_Generation = YES;
				INFOPLIST_KEY_UISupportedInterfaceOrientations_iPad = "UIInterfaceOrientationPortrait UIInterfaceOrientationPortraitUpsideDown UIInterfaceOrientationLandscapeLeft UIInterfaceOrientationLandscapeRight";
				INFOPLIST_KEY_UISupportedInterfaceOrientations_iPhone = "UIInterfaceOrientationPortrait UIInterfaceOrientationLandscapeLeft UIInterfaceOrientationLandscapeRight";
				LD_RUNPATH_SEARCH_PATHS = (
					"$(inherited)",
					"@executable_path/Frameworks",
				);
				MARKETING_VERSION = 1.0;
				PRODUCT_BUNDLE_IDENTIFIER = yvysanna.TODO;
				PRODUCT_NAME = "$(TARGET_NAME)";
				SWIFT_EMIT_LOC_STRINGS = YES;
				SWIFT_VERSION = 5.0;
				TARGETED_DEVICE_FAMILY = "1,2";
			};
			name = Release;
		};
		1A28C9362ABDAB280053E545 /* Debug */ = {
			isa = XCBuildConfiguration;
			buildSettings = {
				ALWAYS_EMBED_SWIFT_STANDARD_LIBRARIES = YES;
				BUNDLE_LOADER = "$(TEST_HOST)";
				CODE_SIGN_STYLE = Automatic;
				CURRENT_PROJECT_VERSION = 1;
				GENERATE_INFOPLIST_FILE = YES;
				IPHONEOS_DEPLOYMENT_TARGET = 17.0;
				MARKETING_VERSION = 1.0;
				PRODUCT_BUNDLE_IDENTIFIER = yvysanna.TODOTests;
				PRODUCT_NAME = "$(TARGET_NAME)";
				SWIFT_EMIT_LOC_STRINGS = NO;
				SWIFT_VERSION = 5.0;
				TARGETED_DEVICE_FAMILY = "1,2";
				TEST_HOST = "$(BUILT_PRODUCTS_DIR)/TODO.app/$(BUNDLE_EXECUTABLE_FOLDER_PATH)/TODO";
			};
			name = Debug;
		};
		1A28C9372ABDAB280053E545 /* Release */ = {
			isa = XCBuildConfiguration;
			buildSettings = {
				ALWAYS_EMBED_SWIFT_STANDARD_LIBRARIES = YES;
				BUNDLE_LOADER = "$(TEST_HOST)";
				CODE_SIGN_STYLE = Automatic;
				CURRENT_PROJECT_VERSION = 1;
				GENERATE_INFOPLIST_FILE = YES;
				IPHONEOS_DEPLOYMENT_TARGET = 17.0;
				MARKETING_VERSION = 1.0;
				PRODUCT_BUNDLE_IDENTIFIER = yvysanna.TODOTests;
				PRODUCT_NAME = "$(TARGET_NAME)";
				SWIFT_EMIT_LOC_STRINGS = NO;
				SWIFT_VERSION = 5.0;
				TARGETED_DEVICE_FAMILY = "1,2";
				TEST_HOST = "$(BUILT_PRODUCTS_DIR)/TODO.app/$(BUNDLE_EXECUTABLE_FOLDER_PATH)/TODO";
			};
			name = Release;
		};
		1A28C9392ABDAB280053E545 /* Debug */ = {
			isa = XCBuildConfiguration;
			buildSettings = {
				ALWAYS_EMBED_SWIFT_STANDARD_LIBRARIES = YES;
				CODE_SIGN_STYLE = Automatic;
				CURRENT_PROJECT_VERSION = 1;
				GENERATE_INFOPLIST_FILE = YES;
				MARKETING_VERSION = 1.0;
				PRODUCT_BUNDLE_IDENTIFIER = yvysanna.TODOUITests;
				PRODUCT_NAME = "$(TARGET_NAME)";
				SWIFT_EMIT_LOC_STRINGS = NO;
				SWIFT_VERSION = 5.0;
				TARGETED_DEVICE_FAMILY = "1,2";
				TEST_TARGET_NAME = TODO;
			};
			name = Debug;
		};
		1A28C93A2ABDAB280053E545 /* Release */ = {
			isa = XCBuildConfiguration;
			buildSettings = {
				ALWAYS_EMBED_SWIFT_STANDARD_LIBRARIES = YES;
				CODE_SIGN_STYLE = Automatic;
				CURRENT_PROJECT_VERSION = 1;
				GENERATE_INFOPLIST_FILE = YES;
				MARKETING_VERSION = 1.0;
				PRODUCT_BUNDLE_IDENTIFIER = yvysanna.TODOUITests;
				PRODUCT_NAME = "$(TARGET_NAME)";
				SWIFT_EMIT_LOC_STRINGS = NO;
				SWIFT_VERSION = 5.0;
				TARGETED_DEVICE_FAMILY = "1,2";
				TEST_TARGET_NAME = TODO;
			};
			name = Release;
		};
/* End XCBuildConfiguration section */

/* Begin XCConfigurationList section */
		1A28C9092ABDAB270053E545 /* Build configuration list for PBXProject "TODO" */ = {
			isa = XCConfigurationList;
			buildConfigurations = (
				1A28C9302ABDAB280053E545 /* Debug */,
				1A28C9312ABDAB280053E545 /* Release */,
			);
			defaultConfigurationIsVisible = 0;
			defaultConfigurationName = Release;
		};
		1A28C9322ABDAB280053E545 /* Build configuration list for PBXNativeTarget "TODO" */ = {
			isa = XCConfigurationList;
			buildConfigurations = (
				1A28C9332ABDAB280053E545 /* Debug */,
				1A28C9342ABDAB280053E545 /* Release */,
			);
			defaultConfigurationIsVisible = 0;
			defaultConfigurationName = Release;
		};
		1A28C9352ABDAB280053E545 /* Build configuration list for PBXNativeTarget "TODOTests" */ = {
			isa = XCConfigurationList;
			buildConfigurations = (
				1A28C9362ABDAB280053E545 /* Debug */,
				1A28C9372ABDAB280053E545 /* Release */,
			);
			defaultConfigurationIsVisible = 0;
			defaultConfigurationName = Release;
		};
		1A28C9382ABDAB280053E545 /* Build configuration list for PBXNativeTarget "TODOUITests" */ = {
			isa = XCConfigurationList;
			buildConfigurations = (
				1A28C9392ABDAB280053E545 /* Debug */,
				1A28C93A2ABDAB280053E545 /* Release */,
			);
			defaultConfigurationIsVisible = 0;
			defaultConfigurationName = Release;
		};
/* End XCConfigurationList section */

/* Begin XCVersionGroup section */
		1A619EF52AE16AE200E0A237 /* Model.xcdatamodeld */ = {
			isa = XCVersionGroup;
			children = (
				1A619EF62AE16AE200E0A237 /* Model.xcdatamodel */,
			);
			currentVersion = 1A619EF62AE16AE200E0A237 /* Model.xcdatamodel */;
			path = Model.xcdatamodeld;
			sourceTree = "<group>";
			versionGroupType = wrapper.xcdatamodel;
		};
/* End XCVersionGroup section */
	};
	rootObject = 1A28C9062ABDAB270053E545 /* Project object */;
}
